
Microsoft Visual Studio Solution File, Format Version 12.00
# Visual Studio 14
VisualStudioVersion = 14.0.25420.1
MinimumVisualStudioVersion = 10.0.40219.1
Project("{FAE04EC0-301F-11D3-BF4B-00C04F79EFBC}") = "CompareSimpleMaths", "CompareSimpleMaths\CompareSimpleMaths.csproj", "{1283FEAE-C5DB-4CE7-9795-E561DBD5FB93}"
EndProject
Project("{FAE04EC0-301F-11D3-BF4B-00C04F79EFBC}") = "CompareAdvandecMaths", "CompareAdvandecMaths\CompareAdvandecMaths.csproj", "{83099D55-1A05-4A5B-982B-A892622642D7}"
EndProject
Global
	GlobalSection(SolutionConfigurationPlatforms) = preSolution
		Debug|Any CPU = Debug|Any CPU
		Release|Any CPU = Release|Any CPU
	EndGlobalSection
	GlobalSection(ProjectConfigurationPlatforms) = postSolution
		{1283FEAE-C5DB-4CE7-9795-E561DBD5FB93}.Debug|Any CPU.ActiveCfg = Debug|Any CPU
		{1283FEAE-C5DB-4CE7-9795-E561DBD5FB93}.Debug|Any CPU.Build.0 = Debug|Any CPU
		{1283FEAE-C5DB-4CE7-9795-E561DBD5FB93}.Release|Any CPU.ActiveCfg = Release|Any CPU
		{1283FEAE-C5DB-4CE7-9795-E561DBD5FB93}.Release|Any CPU.Build.0 = Release|Any CPU
		{83099D55-1A05-4A5B-982B-A892622642D7}.Debug|Any CPU.ActiveCfg = Debug|Any CPU
		{83099D55-1A05-4A5B-982B-A892622642D7}.Debug|Any CPU.Build.0 = Debug|Any CPU
		{83099D55-1A05-4A5B-982B-A892622642D7}.Release|Any CPU.ActiveCfg = Release|Any CPU
		{83099D55-1A05-4A5B-982B-A892622642D7}.Release|Any CPU.Build.0 = Release|Any CPU
	EndGlobalSection
	GlobalSection(SolutionProperties) = preSolution
		HideSolutionNode = FALSE
	EndGlobalSection
EndGlobal
