
Microsoft Visual Studio Solution File, Format Version 12.00
# Visual Studio 14
VisualStudioVersion = 14.0.25420.1
MinimumVisualStudioVersion = 10.0.40219.1
Project("{FAE04EC0-301F-11D3-BF4B-00C04F79EFBC}") = "SizeRefactoring", "SizeRefactoring\SizeRefactoring.csproj", "{90E85535-1F7A-4B33-8E78-33C5B9BF0AF2}"
EndProject
Project("{FAE04EC0-301F-11D3-BF4B-00C04F79EFBC}") = "PrintingStatisticsRefactoring", "PrintingStatisticsRefactoring\PrintingStatisticsRefactoring.csproj", "{38D36606-1A79-4099-AD7A-6827A41460C4}"
EndProject
Global
	GlobalSection(SolutionConfigurationPlatforms) = preSolution
		Debug|Any CPU = Debug|Any CPU
		Release|Any CPU = Release|Any CPU
	EndGlobalSection
	GlobalSection(ProjectConfigurationPlatforms) = postSolution
		{90E85535-1F7A-4B33-8E78-33C5B9BF0AF2}.Debug|Any CPU.ActiveCfg = Debug|Any CPU
		{90E85535-1F7A-4B33-8E78-33C5B9BF0AF2}.Debug|Any CPU.Build.0 = Debug|Any CPU
		{90E85535-1F7A-4B33-8E78-33C5B9BF0AF2}.Release|Any CPU.ActiveCfg = Release|Any CPU
		{90E85535-1F7A-4B33-8E78-33C5B9BF0AF2}.Release|Any CPU.Build.0 = Release|Any CPU
		{38D36606-1A79-4099-AD7A-6827A41460C4}.Debug|Any CPU.ActiveCfg = Debug|Any CPU
		{38D36606-1A79-4099-AD7A-6827A41460C4}.Debug|Any CPU.Build.0 = Debug|Any CPU
		{38D36606-1A79-4099-AD7A-6827A41460C4}.Release|Any CPU.ActiveCfg = Release|Any CPU
		{38D36606-1A79-4099-AD7A-6827A41460C4}.Release|Any CPU.Build.0 = Release|Any CPU
	EndGlobalSection
	GlobalSection(SolutionProperties) = preSolution
		HideSolutionNode = FALSE
	EndGlobalSection
EndGlobal
